
Microsoft Visual Studio Solution File, Format Version 12.00
# Visual Studio Version 17
VisualStudioVersion = 17.2.32210.308
MinimumVisualStudioVersion = 10.0.40219.1
Project("{9A19103F-16F7-4668-BE54-9A1E7A4F7556}") = "Concurrency.Interface", "Concurrency.Interface\Concurrency.Interface.csproj", "{07953DC2-B94E-4AD5-8455-4556B56993FB}"
EndProject
Project("{9A19103F-16F7-4668-BE54-9A1E7A4F7556}") = "Concurrency.Implementation", "Concurrency.Implementation\Concurrency.Implementation.csproj", "{CDF720FD-C893-4799-A03D-A4EE2CFB81A4}"
EndProject
Project("{9A19103F-16F7-4668-BE54-9A1E7A4F7556}") = "Utilities", "Utilities\Utilities.csproj", "{5E31DAD0-3493-4D6A-81B1-A0A03483305C}"
EndProject
Project("{9A19103F-16F7-4668-BE54-9A1E7A4F7556}") = "SnapperSiloHost", "SnapperSiloHost\SnapperSiloHost.csproj", "{29D51B58-BC0A-4083-8CF5-351DC46A90EA}"
EndProject
Project("{9A19103F-16F7-4668-BE54-9A1E7A4F7556}") = "Experiment.Controller", "Experiment.Controller\Experiment.Controller.csproj", "{010025A7-EF4E-4B8D-8ECA-5A222A91D020}"
	ProjectSection(ProjectDependencies) = postProject
		{5E31DAD0-3493-4D6A-81B1-A0A03483305C} = {5E31DAD0-3493-4D6A-81B1-A0A03483305C}
	EndProjectSection
EndProject
Project("{9A19103F-16F7-4668-BE54-9A1E7A4F7556}") = "SmallBank.Interfaces", "SmallBank.Interfaces\SmallBank.Interfaces.csproj", "{2B92FF54-0FD5-405F-BA9B-127D6242FF3A}"
EndProject
Project("{9A19103F-16F7-4668-BE54-9A1E7A4F7556}") = "SmallBank.Grains", "SmallBank.Grains\SmallBank.Grains.csproj", "{A5B30F91-BFF5-4191-9030-EB44AA85F540}"
EndProject
Project("{9A19103F-16F7-4668-BE54-9A1E7A4F7556}") = "Experiment.Worker", "Experiment.Worker\Experiment.Worker.csproj", "{B5C648C5-B9D4-45C4-A0AE-58C4AF917D1E}"
EndProject
Project("{9A19103F-16F7-4668-BE54-9A1E7A4F7556}") = "Concurrency.Common", "Concurrency.Common\Concurrency.Common.csproj", "{FCC9B00E-F928-4018-A850-BDF1505422CB}"
EndProject
Project("{9A19103F-16F7-4668-BE54-9A1E7A4F7556}") = "Replication.Implementation", "Replication.Implementation\Replication.Implementation.csproj", "{16AB8F34-8B7D-46E5-BD4E-96EC96DF896B}"
EndProject
Project("{9A19103F-16F7-4668-BE54-9A1E7A4F7556}") = "Replication.Interface", "Replication.Interface\Replication.Interface.csproj", "{837911B2-2920-47F2-8D47-70921021EEFF}"
EndProject
Project("{9A19103F-16F7-4668-BE54-9A1E7A4F7556}") = "SmallBank.Workload", "SmallBank.Workload\SmallBank.Workload.csproj", "{7025BC7A-D10E-4499-8570-2D863121DC60}"
EndProject
Project("{9A19103F-16F7-4668-BE54-9A1E7A4F7556}") = "Experiment.Common", "Experiment.Common\Experiment.Common.csproj", "{E2949FCA-6BD0-4386-96BE-96708BC54597}"
EndProject
Project("{9A19103F-16F7-4668-BE54-9A1E7A4F7556}") = "MarketPlace.Interfaces", "MarketPlace.Interfaces\MarketPlace.Interfaces.csproj", "{CC126274-0E03-4EF2-AB46-0F641494B68A}"
EndProject
Project("{9A19103F-16F7-4668-BE54-9A1E7A4F7556}") = "MarketPlace.Grains", "MarketPlace.Grains\MarketPlace.Grains.csproj", "{F03CCC1B-1673-4AC5-8837-350CCBE4CDD9}"
EndProject
Project("{9A19103F-16F7-4668-BE54-9A1E7A4F7556}") = "MarketPlace.Workload", "MarketPlace.Workload\MarketPlace.Workload.csproj", "{47111567-D435-4F9B-96D0-B3F930177336}"
EndProject
Project("{9A19103F-16F7-4668-BE54-9A1E7A4F7556}") = "Experiment.Accelerator", "Experiment.Accelerator\Experiment.Accelerator.csproj", "{ECDE5540-A5D8-466B-B406-BECD8AF392B2}"
EndProject
Global
	GlobalSection(SolutionConfigurationPlatforms) = preSolution
		Debug|Any CPU = Debug|Any CPU
		Release|Any CPU = Release|Any CPU
	EndGlobalSection
	GlobalSection(ProjectConfigurationPlatforms) = postSolution
		{07953DC2-B94E-4AD5-8455-4556B56993FB}.Debug|Any CPU.ActiveCfg = Debug|Any CPU
		{07953DC2-B94E-4AD5-8455-4556B56993FB}.Debug|Any CPU.Build.0 = Debug|Any CPU
		{07953DC2-B94E-4AD5-8455-4556B56993FB}.Release|Any CPU.ActiveCfg = Release|Any CPU
		{07953DC2-B94E-4AD5-8455-4556B56993FB}.Release|Any CPU.Build.0 = Release|Any CPU
		{CDF720FD-C893-4799-A03D-A4EE2CFB81A4}.Debug|Any CPU.ActiveCfg = Debug|Any CPU
		{CDF720FD-C893-4799-A03D-A4EE2CFB81A4}.Debug|Any CPU.Build.0 = Debug|Any CPU
		{CDF720FD-C893-4799-A03D-A4EE2CFB81A4}.Release|Any CPU.ActiveCfg = Release|Any CPU
		{CDF720FD-C893-4799-A03D-A4EE2CFB81A4}.Release|Any CPU.Build.0 = Release|Any CPU
		{5E31DAD0-3493-4D6A-81B1-A0A03483305C}.Debug|Any CPU.ActiveCfg = Debug|Any CPU
		{5E31DAD0-3493-4D6A-81B1-A0A03483305C}.Debug|Any CPU.Build.0 = Debug|Any CPU
		{5E31DAD0-3493-4D6A-81B1-A0A03483305C}.Release|Any CPU.ActiveCfg = Release|Any CPU
		{5E31DAD0-3493-4D6A-81B1-A0A03483305C}.Release|Any CPU.Build.0 = Release|Any CPU
		{29D51B58-BC0A-4083-8CF5-351DC46A90EA}.Debug|Any CPU.ActiveCfg = Debug|Any CPU
		{29D51B58-BC0A-4083-8CF5-351DC46A90EA}.Debug|Any CPU.Build.0 = Debug|Any CPU
		{29D51B58-BC0A-4083-8CF5-351DC46A90EA}.Release|Any CPU.ActiveCfg = Release|Any CPU
		{29D51B58-BC0A-4083-8CF5-351DC46A90EA}.Release|Any CPU.Build.0 = Release|Any CPU
		{010025A7-EF4E-4B8D-8ECA-5A222A91D020}.Debug|Any CPU.ActiveCfg = Debug|Any CPU
		{010025A7-EF4E-4B8D-8ECA-5A222A91D020}.Debug|Any CPU.Build.0 = Debug|Any CPU
		{010025A7-EF4E-4B8D-8ECA-5A222A91D020}.Release|Any CPU.ActiveCfg = Release|Any CPU
		{010025A7-EF4E-4B8D-8ECA-5A222A91D020}.Release|Any CPU.Build.0 = Release|Any CPU
		{2B92FF54-0FD5-405F-BA9B-127D6242FF3A}.Debug|Any CPU.ActiveCfg = Debug|Any CPU
		{2B92FF54-0FD5-405F-BA9B-127D6242FF3A}.Debug|Any CPU.Build.0 = Debug|Any CPU
		{2B92FF54-0FD5-405F-BA9B-127D6242FF3A}.Release|Any CPU.ActiveCfg = Release|Any CPU
		{2B92FF54-0FD5-405F-BA9B-127D6242FF3A}.Release|Any CPU.Build.0 = Release|Any CPU
		{A5B30F91-BFF5-4191-9030-EB44AA85F540}.Debug|Any CPU.ActiveCfg = Debug|Any CPU
		{A5B30F91-BFF5-4191-9030-EB44AA85F540}.Debug|Any CPU.Build.0 = Debug|Any CPU
		{A5B30F91-BFF5-4191-9030-EB44AA85F540}.Release|Any CPU.ActiveCfg = Release|Any CPU
		{A5B30F91-BFF5-4191-9030-EB44AA85F540}.Release|Any CPU.Build.0 = Release|Any CPU
		{B5C648C5-B9D4-45C4-A0AE-58C4AF917D1E}.Debug|Any CPU.ActiveCfg = Debug|Any CPU
		{B5C648C5-B9D4-45C4-A0AE-58C4AF917D1E}.Debug|Any CPU.Build.0 = Debug|Any CPU
		{B5C648C5-B9D4-45C4-A0AE-58C4AF917D1E}.Release|Any CPU.ActiveCfg = Release|Any CPU
		{B5C648C5-B9D4-45C4-A0AE-58C4AF917D1E}.Release|Any CPU.Build.0 = Release|Any CPU
		{FCC9B00E-F928-4018-A850-BDF1505422CB}.Debug|Any CPU.ActiveCfg = Debug|Any CPU
		{FCC9B00E-F928-4018-A850-BDF1505422CB}.Debug|Any CPU.Build.0 = Debug|Any CPU
		{FCC9B00E-F928-4018-A850-BDF1505422CB}.Release|Any CPU.ActiveCfg = Release|Any CPU
		{FCC9B00E-F928-4018-A850-BDF1505422CB}.Release|Any CPU.Build.0 = Release|Any CPU
		{16AB8F34-8B7D-46E5-BD4E-96EC96DF896B}.Debug|Any CPU.ActiveCfg = Debug|Any CPU
		{16AB8F34-8B7D-46E5-BD4E-96EC96DF896B}.Debug|Any CPU.Build.0 = Debug|Any CPU
		{16AB8F34-8B7D-46E5-BD4E-96EC96DF896B}.Release|Any CPU.ActiveCfg = Release|Any CPU
		{16AB8F34-8B7D-46E5-BD4E-96EC96DF896B}.Release|Any CPU.Build.0 = Release|Any CPU
		{837911B2-2920-47F2-8D47-70921021EEFF}.Debug|Any CPU.ActiveCfg = Debug|Any CPU
		{837911B2-2920-47F2-8D47-70921021EEFF}.Debug|Any CPU.Build.0 = Debug|Any CPU
		{837911B2-2920-47F2-8D47-70921021EEFF}.Release|Any CPU.ActiveCfg = Release|Any CPU
		{837911B2-2920-47F2-8D47-70921021EEFF}.Release|Any CPU.Build.0 = Release|Any CPU
		{7025BC7A-D10E-4499-8570-2D863121DC60}.Debug|Any CPU.ActiveCfg = Debug|Any CPU
		{7025BC7A-D10E-4499-8570-2D863121DC60}.Debug|Any CPU.Build.0 = Debug|Any CPU
		{7025BC7A-D10E-4499-8570-2D863121DC60}.Release|Any CPU.ActiveCfg = Release|Any CPU
		{7025BC7A-D10E-4499-8570-2D863121DC60}.Release|Any CPU.Build.0 = Release|Any CPU
		{E2949FCA-6BD0-4386-96BE-96708BC54597}.Debug|Any CPU.ActiveCfg = Debug|Any CPU
		{E2949FCA-6BD0-4386-96BE-96708BC54597}.Debug|Any CPU.Build.0 = Debug|Any CPU
		{E2949FCA-6BD0-4386-96BE-96708BC54597}.Release|Any CPU.ActiveCfg = Release|Any CPU
		{E2949FCA-6BD0-4386-96BE-96708BC54597}.Release|Any CPU.Build.0 = Release|Any CPU
		{CC126274-0E03-4EF2-AB46-0F641494B68A}.Debug|Any CPU.ActiveCfg = Debug|Any CPU
		{CC126274-0E03-4EF2-AB46-0F641494B68A}.Debug|Any CPU.Build.0 = Debug|Any CPU
		{CC126274-0E03-4EF2-AB46-0F641494B68A}.Release|Any CPU.ActiveCfg = Release|Any CPU
		{CC126274-0E03-4EF2-AB46-0F641494B68A}.Release|Any CPU.Build.0 = Release|Any CPU
		{F03CCC1B-1673-4AC5-8837-350CCBE4CDD9}.Debug|Any CPU.ActiveCfg = Debug|Any CPU
		{F03CCC1B-1673-4AC5-8837-350CCBE4CDD9}.Debug|Any CPU.Build.0 = Debug|Any CPU
		{F03CCC1B-1673-4AC5-8837-350CCBE4CDD9}.Release|Any CPU.ActiveCfg = Release|Any CPU
		{F03CCC1B-1673-4AC5-8837-350CCBE4CDD9}.Release|Any CPU.Build.0 = Release|Any CPU
		{47111567-D435-4F9B-96D0-B3F930177336}.Debug|Any CPU.ActiveCfg = Debug|Any CPU
		{47111567-D435-4F9B-96D0-B3F930177336}.Debug|Any CPU.Build.0 = Debug|Any CPU
		{47111567-D435-4F9B-96D0-B3F930177336}.Release|Any CPU.ActiveCfg = Release|Any CPU
		{47111567-D435-4F9B-96D0-B3F930177336}.Release|Any CPU.Build.0 = Release|Any CPU
		{ECDE5540-A5D8-466B-B406-BECD8AF392B2}.Debug|Any CPU.ActiveCfg = Debug|Any CPU
		{ECDE5540-A5D8-466B-B406-BECD8AF392B2}.Debug|Any CPU.Build.0 = Debug|Any CPU
		{ECDE5540-A5D8-466B-B406-BECD8AF392B2}.Release|Any CPU.ActiveCfg = Release|Any CPU
		{ECDE5540-A5D8-466B-B406-BECD8AF392B2}.Release|Any CPU.Build.0 = Release|Any CPU
	EndGlobalSection
	GlobalSection(SolutionProperties) = preSolution
		HideSolutionNode = FALSE
	EndGlobalSection
	GlobalSection(ExtensibilityGlobals) = postSolution
		SolutionGuid = {C51DDDAD-475A-4032-97EC-20F69AD97B65}
	EndGlobalSection
EndGlobal
